
Microsoft Visual Studio Solution File, Format Version 12.00
# Visual Studio 15
VisualStudioVersion = 15.0.27703.2035
MinimumVisualStudioVersion = 10.0.40219.1
Project("{9A19103F-16F7-4668-BE54-9A1E7A4F7556}") = "BreadFinder.API", "BreadFinder.API\BreadFinder.API.csproj", "{A9D3738B-4E4C-4B52-82D5-D8E9BD9B960B}"
EndProject
Global
	GlobalSection(SolutionConfigurationPlatforms) = preSolution
		Debug|Any CPU = Debug|Any CPU
		Release|Any CPU = Release|Any CPU
	EndGlobalSection
	GlobalSection(ProjectConfigurationPlatforms) = postSolution
		{A9D3738B-4E4C-4B52-82D5-D8E9BD9B960B}.Debug|Any CPU.ActiveCfg = Debug|Any CPU
		{A9D3738B-4E4C-4B52-82D5-D8E9BD9B960B}.Debug|Any CPU.Build.0 = Debug|Any CPU
		{A9D3738B-4E4C-4B52-82D5-D8E9BD9B960B}.Release|Any CPU.ActiveCfg = Release|Any CPU
		{A9D3738B-4E4C-4B52-82D5-D8E9BD9B960B}.Release|Any CPU.Build.0 = Release|Any CPU
	EndGlobalSection
	GlobalSection(SolutionProperties) = preSolution
		HideSolutionNode = FALSE
	EndGlobalSection
	GlobalSection(ExtensibilityGlobals) = postSolution
		SolutionGuid = {0CA9CE3C-3C0D-416F-A292-32740752FD87}
	EndGlobalSection
EndGlobal
